// !$*UTF8*$!
{
	archiveVersion = 1;
	classes = {
	};
	objectVersion = 51;
	objects = {

/* Begin PBXBuildFile section */
		BF9FAA415464E1CBDEFD04D3 /* Pods_FirebaseAnonymousLogin.framework in Frameworks */ = {isa = PBXBuildFile; fileRef = 54F043FCB43E704B16A3C831 /* Pods_FirebaseAnonymousLogin.framework */; };
		F58940A423B0CCB200A7B129 /* sendViewController.swift in Sources */ = {isa = PBXBuildFile; fileRef = F58940A323B0CCB200A7B129 /* sendViewController.swift */; };
		F58940A623B0CCDB00A7B129 /* displayViewController.swift in Sources */ = {isa = PBXBuildFile; fileRef = F58940A523B0CCDB00A7B129 /* displayViewController.swift */; };
		F5B0AB0D23AA690A008D45A9 /* AppDelegate.swift in Sources */ = {isa = PBXBuildFile; fileRef = F5B0AB0C23AA690A008D45A9 /* AppDelegate.swift */; };
		F5B0AB0F23AA690A008D45A9 /* SceneDelegate.swift in Sources */ = {isa = PBXBuildFile; fileRef = F5B0AB0E23AA690A008D45A9 /* SceneDelegate.swift */; };
		F5B0AB1123AA690A008D45A9 /* ViewController.swift in Sources */ = {isa = PBXBuildFile; fileRef = F5B0AB1023AA690A008D45A9 /* ViewController.swift */; };
		F5B0AB1423AA690A008D45A9 /* Main.storyboard in Resources */ = {isa = PBXBuildFile; fileRef = F5B0AB1223AA690A008D45A9 /* Main.storyboard */; };
		F5B0AB1623AA6911008D45A9 /* Assets.xcassets in Resources */ = {isa = PBXBuildFile; fileRef = F5B0AB1523AA6911008D45A9 /* Assets.xcassets */; };
		F5B0AB1923AA6911008D45A9 /* LaunchScreen.storyboard in Resources */ = {isa = PBXBuildFile; fileRef = F5B0AB1723AA6911008D45A9 /* LaunchScreen.storyboard */; };
		F5B0AB2123ABA292008D45A9 /* GoogleService-Info.plist in Resources */ = {isa = PBXBuildFile; fileRef = F5B0AB2023ABA292008D45A9 /* GoogleService-Info.plist */; };
/* End PBXBuildFile section */

/* Begin PBXFileReference section */
		4E6876A5D5EA6AA5D804BEAB /* Pods-FirebaseAnonymousLogin.release.xcconfig */ = {isa = PBXFileReference; includeInIndex = 1; lastKnownFileType = text.xcconfig; name = "Pods-FirebaseAnonymousLogin.release.xcconfig"; path = "Target Support Files/Pods-FirebaseAnonymousLogin/Pods-FirebaseAnonymousLogin.release.xcconfig"; sourceTree = "<group>"; };
		54F043FCB43E704B16A3C831 /* Pods_FirebaseAnonymousLogin.framework */ = {isa = PBXFileReference; explicitFileType = wrapper.framework; includeInIndex = 0; path = Pods_FirebaseAnonymousLogin.framework; sourceTree = BUILT_PRODUCTS_DIR; };
		79114ACEA132FA1BCB20D07C /* Pods-FirebaseAnonymousLogin.debug.xcconfig */ = {isa = PBXFileReference; includeInIndex = 1; lastKnownFileType = text.xcconfig; name = "Pods-FirebaseAnonymousLogin.debug.xcconfig"; path = "Target Support Files/Pods-FirebaseAnonymousLogin/Pods-FirebaseAnonymousLogin.debug.xcconfig"; sourceTree = "<group>"; };
		F58940A323B0CCB200A7B129 /* sendViewController.swift */ = {isa = PBXFileReference; lastKnownFileType = sourcecode.swift; path = sendViewController.swift; sourceTree = "<group>"; };
		F58940A523B0CCDB00A7B129 /* displayViewController.swift */ = {isa = PBXFileReference; lastKnownFileType = sourcecode.swift; path = displayViewController.swift; sourceTree = "<group>"; };
		F5B0AB0923AA690A008D45A9 /* FirebaseAnonymousLogin.app */ = {isa = PBXFileReference; explicitFileType = wrapper.application; includeInIndex = 0; path = FirebaseAnonymousLogin.app; sourceTree = BUILT_PRODUCTS_DIR; };
		F5B0AB0C23AA690A008D45A9 /* AppDelegate.swift */ = {isa = PBXFileReference; lastKnownFileType = sourcecode.swift; path = AppDelegate.swift; sourceTree = "<group>"; };
		F5B0AB0E23AA690A008D45A9 /* SceneDelegate.swift */ = {isa = PBXFileReference; lastKnownFileType = sourcecode.swift; path = SceneDelegate.swift; sourceTree = "<group>"; };
		F5B0AB1023AA690A008D45A9 /* ViewController.swift */ = {isa = PBXFileReference; lastKnownFileType = sourcecode.swift; path = ViewController.swift; sourceTree = "<group>"; };
		F5B0AB1323AA690A008D45A9 /* Base */ = {isa = PBXFileReference; lastKnownFileType = file.storyboard; name = Base; path = Base.lproj/Main.storyboard; sourceTree = "<group>"; };
		F5B0AB1523AA6911008D45A9 /* Assets.xcassets */ = {isa = PBXFileReference; lastKnownFileType = folder.assetcatalog; path = Assets.xcassets; sourceTree = "<group>"; };
		F5B0AB1823AA6911008D45A9 /* Base */ = {isa = PBXFileReference; lastKnownFileType = file.storyboard; name = Base; path = Base.lproj/LaunchScreen.storyboard; sourceTree = "<group>"; };
		F5B0AB1A23AA6911008D45A9 /* Info.plist */ = {isa = PBXFileReference; lastKnownFileType = text.plist.xml; path = Info.plist; sourceTree = "<group>"; };
		F5B0AB2023ABA292008D45A9 /* GoogleService-Info.plist */ = {isa = PBXFileReference; fileEncoding = 4; lastKnownFileType = text.plist.xml; path = "GoogleService-Info.plist"; sourceTree = "<group>"; };
/* End PBXFileReference section */

/* Begin PBXFrameworksBuildPhase section */
		F5B0AB0623AA690A008D45A9 /* Frameworks */ = {
			isa = PBXFrameworksBuildPhase;
			buildActionMask = 2147483647;
			files = (
				BF9FAA415464E1CBDEFD04D3 /* Pods_FirebaseAnonymousLogin.framework in Frameworks */,
			);
			runOnlyForDeploymentPostprocessing = 0;
		};
/* End PBXFrameworksBuildPhase section */

/* Begin PBXGroup section */
		3A751D8E86DA5EA10FA17B05 /* Pods */ = {
			isa = PBXGroup;
			children = (
				79114ACEA132FA1BCB20D07C /* Pods-FirebaseAnonymousLogin.debug.xcconfig */,
				4E6876A5D5EA6AA5D804BEAB /* Pods-FirebaseAnonymousLogin.release.xcconfig */,
			);
			path = Pods;
			sourceTree = "<group>";
		};
		4C09950A28B6E7FE8E881B19 /* Frameworks */ = {
			isa = PBXGroup;
			children = (
				54F043FCB43E704B16A3C831 /* Pods_FirebaseAnonymousLogin.framework */,
			);
			name = Frameworks;
			sourceTree = "<group>";
		};
		F5B0AB0023AA690A008D45A9 = {
			isa = PBXGroup;
			children = (
				F5B0AB0B23AA690A008D45A9 /* FirebaseAnonymousLogin */,
				F5B0AB0A23AA690A008D45A9 /* Products */,
				3A751D8E86DA5EA10FA17B05 /* Pods */,
				4C09950A28B6E7FE8E881B19 /* Frameworks */,
			);
			sourceTree = "<group>";
		};
		F5B0AB0A23AA690A008D45A9 /* Products */ = {
			isa = PBXGroup;
			children = (
				F5B0AB0923AA690A008D45A9 /* FirebaseAnonymousLogin.app */,
			);
			name = Products;
			sourceTree = "<group>";
		};
		F5B0AB0B23AA690A008D45A9 /* FirebaseAnonymousLogin */ = {
			isa = PBXGroup;
			children = (
				F5B0AB0C23AA690A008D45A9 /* AppDelegate.swift */,
				F5B0AB0E23AA690A008D45A9 /* SceneDelegate.swift */,
				F5B0AB1023AA690A008D45A9 /* ViewController.swift */,
				F5B0AB1223AA690A008D45A9 /* Main.storyboard */,
				F58940A323B0CCB200A7B129 /* sendViewController.swift */,
				F58940A523B0CCDB00A7B129 /* displayViewController.swift */,
				F5B0AB1523AA6911008D45A9 /* Assets.xcassets */,
				F5B0AB1723AA6911008D45A9 /* LaunchScreen.storyboard */,
				F5B0AB1A23AA6911008D45A9 /* Info.plist */,
				F5B0AB2023ABA292008D45A9 /* GoogleService-Info.plist */,
			);
			path = FirebaseAnonymousLogin;
			sourceTree = "<group>";
		};
/* End PBXGroup section */

/* Begin PBXNativeTarget section */
		F5B0AB0823AA690A008D45A9 /* FirebaseAnonymousLogin */ = {
			isa = PBXNativeTarget;
			buildConfigurationList = F5B0AB1D23AA6911008D45A9 /* Build configuration list for PBXNativeTarget "FirebaseAnonymousLogin" */;
			buildPhases = (
				9A5D5EBCABE0FF39C12778E7 /* [CP] Check Pods Manifest.lock */,
				F5B0AB0523AA690A008D45A9 /* Sources */,
				F5B0AB0623AA690A008D45A9 /* Frameworks */,
				F5B0AB0723AA690A008D45A9 /* Resources */,
				AC701380B6AD3BC5FA85F3EF /* [CP] Embed Pods Frameworks */,
			);
			buildRules = (
			);
			dependencies = (
			);
			name = FirebaseAnonymousLogin;
			productName = FirebaseAnonymousLogin;
			productReference = F5B0AB0923AA690A008D45A9 /* FirebaseAnonymousLogin.app */;
			productType = "com.apple.product-type.application";
		};
/* End PBXNativeTarget section */

/* Begin PBXProject section */
		F5B0AB0123AA690A008D45A9 /* Project object */ = {
			isa = PBXProject;
			attributes = {
				LastSwiftUpdateCheck = 1110;
				LastUpgradeCheck = 1110;
				ORGANIZATIONNAME = "宏輝";
				TargetAttributes = {
					F5B0AB0823AA690A008D45A9 = {
						CreatedOnToolsVersion = 11.1;
					};
				};
			};
			buildConfigurationList = F5B0AB0423AA690A008D45A9 /* Build configuration list for PBXProject "FirebaseAnonymousLogin" */;
			compatibilityVersion = "Xcode 9.3";
			developmentRegion = en;
			hasScannedForEncodings = 0;
			knownRegions = (
				en,
				Base,
			);
			mainGroup = F5B0AB0023AA690A008D45A9;
			productRefGroup = F5B0AB0A23AA690A008D45A9 /* Products */;
			projectDirPath = "";
			projectRoot = "";
			targets = (
				F5B0AB0823AA690A008D45A9 /* FirebaseAnonymousLogin */,
			);
		};
/* End PBXProject section */

/* Begin PBXResourcesBuildPhase section */
		F5B0AB0723AA690A008D45A9 /* Resources */ = {
			isa = PBXResourcesBuildPhase;
			buildActionMask = 2147483647;
			files = (
				F5B0AB1923AA6911008D45A9 /* LaunchScreen.storyboard in Resources */,
				F5B0AB1623AA6911008D45A9 /* Assets.xcassets in Resources */,
				F5B0AB2123ABA292008D45A9 /* GoogleService-Info.plist in Resources */,
				F5B0AB1423AA690A008D45A9 /* Main.storyboard in Resources */,
			);
			runOnlyForDeploymentPostprocessing = 0;
		};
/* End PBXResourcesBuildPhase section */

/* Begin PBXShellScriptBuildPhase section */
		9A5D5EBCABE0FF39C12778E7 /* [CP] Check Pods Manifest.lock */ = {
			isa = PBXShellScriptBuildPhase;
			buildActionMask = 2147483647;
			files = (
			);
			inputFileListPaths = (
			);
			inputPaths = (
				"${PODS_PODFILE_DIR_PATH}/Podfile.lock",
				"${PODS_ROOT}/Manifest.lock",
			);
			name = "[CP] Check Pods Manifest.lock";
			outputFileListPaths = (
			);
			outputPaths = (
				"$(DERIVED_FILE_DIR)/Pods-FirebaseAnonymousLogin-checkManifestLockResult.txt",
			);
			runOnlyForDeploymentPostprocessing = 0;
			shellPath = /bin/sh;
			shellScript = "diff \"${PODS_PODFILE_DIR_PATH}/Podfile.lock\" \"${PODS_ROOT}/Manifest.lock\" > /dev/null\nif [ $? != 0 ] ; then\n    # print error to STDERR\n    echo \"error: The sandbox is not in sync with the Podfile.lock. Run 'pod install' or update your CocoaPods installation.\" >&2\n    exit 1\nfi\n# This output is used by Xcode 'outputs' to avoid re-running this script phase.\necho \"SUCCESS\" > \"${SCRIPT_OUTPUT_FILE_0}\"\n";
			showEnvVarsInLog = 0;
		};
		AC701380B6AD3BC5FA85F3EF /* [CP] Embed Pods Frameworks */ = {
			isa = PBXShellScriptBuildPhase;
			buildActionMask = 2147483647;
			files = (
			);
			inputFileListPaths = (
				"${PODS_ROOT}/Target Support Files/Pods-FirebaseAnonymousLogin/Pods-FirebaseAnonymousLogin-frameworks-${CONFIGURATION}-input-files.xcfilelist",
			);
			name = "[CP] Embed Pods Frameworks";
			outputFileListPaths = (
				"${PODS_ROOT}/Target Support Files/Pods-FirebaseAnonymousLogin/Pods-FirebaseAnonymousLogin-frameworks-${CONFIGURATION}-output-files.xcfilelist",
			);
			runOnlyForDeploymentPostprocessing = 0;
			shellPath = /bin/sh;
			shellScript = "\"${PODS_ROOT}/Target Support Files/Pods-FirebaseAnonymousLogin/Pods-FirebaseAnonymousLogin-frameworks.sh\"\n";
			showEnvVarsInLog = 0;
		};
/* End PBXShellScriptBuildPhase section */

/* Begin PBXSourcesBuildPhase section */
		F5B0AB0523AA690A008D45A9 /* Sources */ = {
			isa = PBXSourcesBuildPhase;
			buildActionMask = 2147483647;
			files = (
				F58940A423B0CCB200A7B129 /* sendViewController.swift in Sources */,
				F58940A623B0CCDB00A7B129 /* displayViewController.swift in Sources */,
				F5B0AB1123AA690A008D45A9 /* ViewController.swift in Sources */,
				F5B0AB0D23AA690A008D45A9 /* AppDelegate.swift in Sources */,
				F5B0AB0F23AA690A008D45A9 /* SceneDelegate.swift in Sources */,
			);
			runOnlyForDeploymentPostprocessing = 0;
		};
/* End PBXSourcesBuildPhase section */

/* Begin PBXVariantGroup section */
		F5B0AB1223AA690A008D45A9 /* Main.storyboard */ = {
			isa = PBXVariantGroup;
			children = (
				F5B0AB1323AA690A008D45A9 /* Base */,
			);
			name = Main.storyboard;
			sourceTree = "<group>";
		};
		F5B0AB1723AA6911008D45A9 /* LaunchScreen.storyboard */ = {
			isa = PBXVariantGroup;
			children = (
				F5B0AB1823AA6911008D45A9 /* Base */,
			);
			name = LaunchScreen.storyboard;
			sourceTree = "<group>";
		};
/* End PBXVariantGroup section */

/* Begin XCBuildConfiguration section */
		F5B0AB1B23AA6911008D45A9 /* Debug */ = {
			isa = XCBuildConfiguration;
			buildSettings = {
				ALWAYS_SEARCH_USER_PATHS = NO;
				CLANG_ANALYZER_NONNULL = YES;
				CLANG_ANALYZER_NUMBER_OBJECT_CONVERSION = YES_AGGRESSIVE;
				CLANG_CXX_LANGUAGE_STANDARD = "gnu++14";
				CLANG_CXX_LIBRARY = "libc++";
				CLANG_ENABLE_MODULES = YES;
				CLANG_ENABLE_OBJC_ARC = YES;
				CLANG_ENABLE_OBJC_WEAK = YES;
				CLANG_WARN_BLOCK_CAPTURE_AUTORELEASING = YES;
				CLANG_WARN_BOOL_CONVERSION = YES;
				CLANG_WARN_COMMA = YES;
				CLANG_WARN_CONSTANT_CONVERSION = YES;
				CLANG_WARN_DEPRECATED_OBJC_IMPLEMENTATIONS = YES;
				CLANG_WARN_DIRECT_OBJC_ISA_USAGE = YES_ERROR;
				CLANG_WARN_DOCUMENTATION_COMMENTS = YES;
				CLANG_WARN_EMPTY_BODY = YES;
				CLANG_WARN_ENUM_CONVERSION = YES;
				CLANG_WARN_INFINITE_RECURSION = YES;
				CLANG_WARN_INT_CONVERSION = YES;
				CLANG_WARN_NON_LITERAL_NULL_CONVERSION = YES;
				CLANG_WARN_OBJC_IMPLICIT_RETAIN_SELF = YES;
				CLANG_WARN_OBJC_LITERAL_CONVERSION = YES;
				CLANG_WARN_OBJC_ROOT_CLASS = YES_ERROR;
				CLANG_WARN_RANGE_LOOP_ANALYSIS = YES;
				CLANG_WARN_STRICT_PROTOTYPES = YES;
				CLANG_WARN_SUSPICIOUS_MOVE = YES;
				CLANG_WARN_UNGUARDED_AVAILABILITY = YES_AGGRESSIVE;
				CLANG_WARN_UNREACHABLE_CODE = YES;
				CLANG_WARN__DUPLICATE_METHOD_MATCH = YES;
				COPY_PHASE_STRIP = NO;
				DEBUG_INFORMATION_FORMAT = dwarf;
				ENABLE_STRICT_OBJC_MSGSEND = YES;
				ENABLE_TESTABILITY = YES;
				GCC_C_LANGUAGE_STANDARD = gnu11;
				GCC_DYNAMIC_NO_PIC = NO;
				GCC_NO_COMMON_BLOCKS = YES;
				GCC_OPTIMIZATION_LEVEL = 0;
				GCC_PREPROCESSOR_DEFINITIONS = (
					"DEBUG=1",
					"$(inherited)",
				);
				GCC_WARN_64_TO_32_BIT_CONVERSION = YES;
				GCC_WARN_ABOUT_RETURN_TYPE = YES_ERROR;
				GCC_WARN_UNDECLARED_SELECTOR = YES;
				GCC_WARN_UNINITIALIZED_AUTOS = YES_AGGRESSIVE;
				GCC_WARN_UNUSED_FUNCTION = YES;
				GCC_WARN_UNUSED_VARIABLE = YES;
				IPHONEOS_DEPLOYMENT_TARGET = 13.1;
				MTL_ENABLE_DEBUG_INFO = INCLUDE_SOURCE;
				MTL_FAST_MATH = YES;
				ONLY_ACTIVE_ARCH = YES;
				SDKROOT = iphoneos;
				SWIFT_ACTIVE_COMPILATION_CONDITIONS = DEBUG;
				SWIFT_OPTIMIZATION_LEVEL = "-Onone";
			};
			name = Debug;
		};
		F5B0AB1C23AA6911008D45A9 /* Release */ = {
			isa = XCBuildConfiguration;
			buildSettings = {
				ALWAYS_SEARCH_USER_PATHS = NO;
				CLANG_ANALYZER_NONNULL = YES;
				CLANG_ANALYZER_NUMBER_OBJECT_CONVERSION = YES_AGGRESSIVE;
				CLANG_CXX_LANGUAGE_STANDARD = "gnu++14";
				CLANG_CXX_LIBRARY = "libc++";
				CLANG_ENABLE_MODULES = YES;
				CLANG_ENABLE_OBJC_ARC = YES;
				CLANG_ENABLE_OBJC_WEAK = YES;
				CLANG_WARN_BLOCK_CAPTURE_AUTORELEASING = YES;
				CLANG_WARN_BOOL_CONVERSION = YES;
				CLANG_WARN_COMMA = YES;
				CLANG_WARN_CONSTANT_CONVERSION = YES;
				CLANG_WARN_DEPRECATED_OBJC_IMPLEMENTATIONS = YES;
				CLANG_WARN_DIRECT_OBJC_ISA_USAGE = YES_ERROR;
				CLANG_WARN_DOCUMENTATION_COMMENTS = YES;
				CLANG_WARN_EMPTY_BODY = YES;
				CLANG_WARN_ENUM_CONVERSION = YES;
				CLANG_WARN_INFINITE_RECURSION = YES;
				CLANG_WARN_INT_CONVERSION = YES;
				CLANG_WARN_NON_LITERAL_NULL_CONVERSION = YES;
				CLANG_WARN_OBJC_IMPLICIT_RETAIN_SELF = YES;
				CLANG_WARN_OBJC_LITERAL_CONVERSION = YES;
				CLANG_WARN_OBJC_ROOT_CLASS = YES_ERROR;
				CLANG_WARN_RANGE_LOOP_ANALYSIS = YES;
				CLANG_WARN_STRICT_PROTOTYPES = YES;
				CLANG_WARN_SUSPICIOUS_MOVE = YES;
				CLANG_WARN_UNGUARDED_AVAILABILITY = YES_AGGRESSIVE;
				CLANG_WARN_UNREACHABLE_CODE = YES;
				CLANG_WARN__DUPLICATE_METHOD_MATCH = YES;
				COPY_PHASE_STRIP = NO;
				DEBUG_INFORMATION_FORMAT = "dwarf-with-dsym";
				ENABLE_NS_ASSERTIONS = NO;
				ENABLE_STRICT_OBJC_MSGSEND = YES;
				GCC_C_LANGUAGE_STANDARD = gnu11;
				GCC_NO_COMMON_BLOCKS = YES;
				GCC_WARN_64_TO_32_BIT_CONVERSION = YES;
				GCC_WARN_ABOUT_RETURN_TYPE = YES_ERROR;
				GCC_WARN_UNDECLARED_SELECTOR = YES;
				GCC_WARN_UNINITIALIZED_AUTOS = YES_AGGRESSIVE;
				GCC_WARN_UNUSED_FUNCTION = YES;
				GCC_WARN_UNUSED_VARIABLE = YES;
				IPHONEOS_DEPLOYMENT_TARGET = 13.1;
				MTL_ENABLE_DEBUG_INFO = NO;
				MTL_FAST_MATH = YES;
				SDKROOT = iphoneos;
				SWIFT_COMPILATION_MODE = wholemodule;
				SWIFT_OPTIMIZATION_LEVEL = "-O";
				VALIDATE_PRODUCT = YES;
			};
			name = Release;
		};
		F5B0AB1E23AA6911008D45A9 /* Debug */ = {
			isa = XCBuildConfiguration;
			baseConfigurationReference = 79114ACEA132FA1BCB20D07C /* Pods-FirebaseAnonymousLogin.debug.xcconfig */;
			buildSettings = {
				ASSETCATALOG_COMPILER_APPICON_NAME = AppIcon;
				CODE_SIGN_STYLE = Automatic;
				DEVELOPMENT_TEAM = K6FA22KGKX;
				INFOPLIST_FILE = FirebaseAnonymousLogin/Info.plist;
				LD_RUNPATH_SEARCH_PATHS = (
					"$(inherited)",
					"@executable_path/Frameworks",
				);
				PRODUCT_BUNDLE_IDENTIFIER = com.withios.FirebaseAnonymousLogin;
				PRODUCT_NAME = "$(TARGET_NAME)";
				SWIFT_VERSION = 5.0;
				TARGETED_DEVICE_FAMILY = "1,2";
			};
			name = Debug;
		};
		F5B0AB1F23AA6911008D45A9 /* Release */ = {
			isa = XCBuildConfiguration;
			baseConfigurationReference = 4E6876A5D5EA6AA5D804BEAB /* Pods-FirebaseAnonymousLogin.release.xcconfig */;
			buildSettings = {
				ASSETCATALOG_COMPILER_APPICON_NAME = AppIcon;
				CODE_SIGN_STYLE = Automatic;
				DEVELOPMENT_TEAM = K6FA22KGKX;
				INFOPLIST_FILE = FirebaseAnonymousLogin/Info.plist;
				LD_RUNPATH_SEARCH_PATHS = (
					"$(inherited)",
					"@executable_path/Frameworks",
				);
				PRODUCT_BUNDLE_IDENTIFIER = com.withios.FirebaseAnonymousLogin;
				PRODUCT_NAME = "$(TARGET_NAME)";
				SWIFT_VERSION = 5.0;
				TARGETED_DEVICE_FAMILY = "1,2";
			};
			name = Release;
		};
/* End XCBuildConfiguration section */

/* Begin XCConfigurationList section */
		F5B0AB0423AA690A008D45A9 /* Build configuration list for PBXProject "FirebaseAnonymousLogin" */ = {
			isa = XCConfigurationList;
			buildConfigurations = (
				F5B0AB1B23AA6911008D45A9 /* Debug */,
				F5B0AB1C23AA6911008D45A9 /* Release */,
			);
			defaultConfigurationIsVisible = 0;
			defaultConfigurationName = Release;
		};
		F5B0AB1D23AA6911008D45A9 /* Build configuration list for PBXNativeTarget "FirebaseAnonymousLogin" */ = {
			isa = XCConfigurationList;
			buildConfigurations = (
				F5B0AB1E23AA6911008D45A9 /* Debug */,
				F5B0AB1F23AA6911008D45A9 /* Release */,
			);
			defaultConfigurationIsVisible = 0;
			defaultConfigurationName = Release;
		};
/* End XCConfigurationList section */
	};
	rootObject = F5B0AB0123AA690A008D45A9 /* Project object */;
}
